
Microsoft Visual Studio Solution File, Format Version 12.00
# Visual Studio Version 17
VisualStudioVersion = 17.2.32630.192
MinimumVisualStudioVersion = 10.0.40219.1
Project("{FAE04EC0-301F-11D3-BF4B-00C04F79EFBC}") = "CalculatorWebAPI", "CalculatorWebAPI.csproj", "{5047B756-E97E-4118-9568-96D8F7DA9741}"
EndProject
Global
	GlobalSection(SolutionConfigurationPlatforms) = preSolution
		Debug|Any CPU = Debug|Any CPU
		Release|Any CPU = Release|Any CPU
	EndGlobalSection
	GlobalSection(ProjectConfigurationPlatforms) = postSolution
		{5047B756-E97E-4118-9568-96D8F7DA9741}.Debug|Any CPU.ActiveCfg = Debug|Any CPU
		{5047B756-E97E-4118-9568-96D8F7DA9741}.Debug|Any CPU.Build.0 = Debug|Any CPU
		{5047B756-E97E-4118-9568-96D8F7DA9741}.Release|Any CPU.ActiveCfg = Release|Any CPU
		{5047B756-E97E-4118-9568-96D8F7DA9741}.Release|Any CPU.Build.0 = Release|Any CPU
	EndGlobalSection
	GlobalSection(SolutionProperties) = preSolution
		HideSolutionNode = FALSE
	EndGlobalSection
	GlobalSection(ExtensibilityGlobals) = postSolution
		SolutionGuid = {C5D2783A-0F0D-49A4-BF2A-6EFE3B03EAE1}
	EndGlobalSection
EndGlobal
